// !$*UTF8*$!
{
	archiveVersion = 1;
	classes = {
	};
	objectVersion = 46;
	objects = {

/* Begin PBXBuildFile section */
		AA3A5EFA1FB1524D00F0A16F /* AppDelegate.swift in Sources */ = {isa = PBXBuildFile; fileRef = AA3A5EF91FB1524D00F0A16F /* AppDelegate.swift */; };
		AA3A5EFC1FB1524D00F0A16F /* ViewController.swift in Sources */ = {isa = PBXBuildFile; fileRef = AA3A5EFB1FB1524D00F0A16F /* ViewController.swift */; };
		AA3A5EFF1FB1524D00F0A16F /* Main.storyboard in Resources */ = {isa = PBXBuildFile; fileRef = AA3A5EFD1FB1524D00F0A16F /* Main.storyboard */; };
		AA3A5F011FB1524D00F0A16F /* Assets.xcassets in Resources */ = {isa = PBXBuildFile; fileRef = AA3A5F001FB1524D00F0A16F /* Assets.xcassets */; };
		AA3A5F041FB1524D00F0A16F /* LaunchScreen.storyboard in Resources */ = {isa = PBXBuildFile; fileRef = AA3A5F021FB1524D00F0A16F /* LaunchScreen.storyboard */; };
/* End PBXBuildFile section */

/* Begin PBXFileReference section */
		AA3A5EF61FB1524D00F0A16F /* TestTools.app */ = {isa = PBXFileReference; explicitFileType = wrapper.application; includeInIndex = 0; path = TestTools.app; sourceTree = BUILT_PRODUCTS_DIR; };
		AA3A5EF91FB1524D00F0A16F /* AppDelegate.swift */ = {isa = PBXFileReference; lastKnownFileType = sourcecode.swift; path = AppDelegate.swift; sourceTree = "<group>"; };
		AA3A5EFB1FB1524D00F0A16F /* ViewController.swift */ = {isa = PBXFileReference; lastKnownFileType = sourcecode.swift; path = ViewController.swift; sourceTree = "<group>"; };
		AA3A5EFE1FB1524D00F0A16F /* Base */ = {isa = PBXFileReference; lastKnownFileType = file.storyboard; name = Base; path = Base.lproj/Main.storyboard; sourceTree = "<group>"; };
		AA3A5F001FB1524D00F0A16F /* Assets.xcassets */ = {isa = PBXFileReference; lastKnownFileType = folder.assetcatalog; path = Assets.xcassets; sourceTree = "<group>"; };
		AA3A5F031FB1524D00F0A16F /* Base */ = {isa = PBXFileReference; lastKnownFileType = file.storyboard; name = Base; path = Base.lproj/LaunchScreen.storyboard; sourceTree = "<group>"; };
		AA3A5F051FB1524D00F0A16F /* Info.plist */ = {isa = PBXFileReference; lastKnownFileType = text.plist.xml; path = Info.plist; sourceTree = "<group>"; };
/* End PBXFileReference section */

/* Begin PBXFrameworksBuildPhase section */
		AA3A5EF31FB1524D00F0A16F /* Frameworks */ = {
			isa = PBXFrameworksBuildPhase;
			buildActionMask = 2147483647;
			files = (
			);
			runOnlyForDeploymentPostprocessing = 0;
		};
/* End PBXFrameworksBuildPhase section */

/* Begin PBXGroup section */
		AA3A5EED1FB1524D00F0A16F = {
			isa = PBXGroup;
			children = (
				AA3A5EF81FB1524D00F0A16F /* TestTools */,
				AA3A5EF71FB1524D00F0A16F /* Products */,
			);
			sourceTree = "<group>";
		};
		AA3A5EF71FB1524D00F0A16F /* Products */ = {
			isa = PBXGroup;
			children = (
				AA3A5EF61FB1524D00F0A16F /* TestTools.app */,
			);
			name = Products;
			sourceTree = "<group>";
		};
		AA3A5EF81FB1524D00F0A16F /* TestTools */ = {
			isa = PBXGroup;
			children = (
				AA3A5EF91FB1524D00F0A16F /* AppDelegate.swift */,
				AA3A5EFB1FB1524D00F0A16F /* ViewController.swift */,
				AA3A5EFD1FB1524D00F0A16F /* Main.storyboard */,
				AA3A5F001FB1524D00F0A16F /* Assets.xcassets */,
				AA3A5F021FB1524D00F0A16F /* LaunchScreen.storyboard */,
				AA3A5F051FB1524D00F0A16F /* Info.plist */,
			);
			path = TestTools;
			sourceTree = "<group>";
		};
/* End PBXGroup section */

/* Begin PBXNativeTarget section */
		AA3A5EF51FB1524D00F0A16F /* TestTools */ = {
			isa = PBXNativeTarget;
			buildConfigurationList = AA3A5F081FB1524D00F0A16F /* Build configuration list for PBXNativeTarget "TestTools" */;
			buildPhases = (
				AA3A5EF21FB1524D00F0A16F /* Sources */,
				AA3A5EF31FB1524D00F0A16F /* Frameworks */,
				AA3A5EF41FB1524D00F0A16F /* Resources */,
			);
			buildRules = (
			);
			dependencies = (
			);
			name = TestTools;
			productName = TestTools;
			productReference = AA3A5EF61FB1524D00F0A16F /* TestTools.app */;
			productType = "com.apple.product-type.application";
		};
/* End PBXNativeTarget section */

/* Begin PBXProject section */
		AA3A5EEE1FB1524D00F0A16F /* Project object */ = {
			isa = PBXProject;
			attributes = {
				LastSwiftUpdateCheck = 0800;
				LastUpgradeCheck = 0800;
				ORGANIZATIONNAME = "舒圆波";
				TargetAttributes = {
					AA3A5EF51FB1524D00F0A16F = {
						CreatedOnToolsVersion = 8.0;
						DevelopmentTeam = Q9GYFWT4H9;
						ProvisioningStyle = Automatic;
					};
				};
			};
			buildConfigurationList = AA3A5EF11FB1524D00F0A16F /* Build configuration list for PBXProject "TestTools" */;
			compatibilityVersion = "Xcode 3.2";
			developmentRegion = English;
			hasScannedForEncodings = 0;
			knownRegions = (
				en,
				Base,
			);
			mainGroup = AA3A5EED1FB1524D00F0A16F;
			productRefGroup = AA3A5EF71FB1524D00F0A16F /* Products */;
			projectDirPath = "";
			projectRoot = "";
			targets = (
				AA3A5EF51FB1524D00F0A16F /* TestTools */,
			);
		};
/* End PBXProject section */

/* Begin PBXResourcesBuildPhase section */
		AA3A5EF41FB1524D00F0A16F /* Resources */ = {
			isa = PBXResourcesBuildPhase;
			buildActionMask = 2147483647;
			files = (
				AA3A5F041FB1524D00F0A16F /* LaunchScreen.storyboard in Resources */,
				AA3A5F011FB1524D00F0A16F /* Assets.xcassets in Resources */,
				AA3A5EFF1FB1524D00F0A16F /* Main.storyboard in Resources */,
			);
			runOnlyForDeploymentPostprocessing = 0;
		};
/* End PBXResourcesBuildPhase section */

/* Begin PBXSourcesBuildPhase section */
		AA3A5EF21FB1524D00F0A16F /* Sources */ = {
			isa = PBXSourcesBuildPhase;
			buildActionMask = 2147483647;
			files = (
				AA3A5EFC1FB1524D00F0A16F /* ViewController.swift in Sources */,
				AA3A5EFA1FB1524D00F0A16F /* AppDelegate.swift in Sources */,
			);
			runOnlyForDeploymentPostprocessing = 0;
		};
/* End PBXSourcesBuildPhase section */

/* Begin PBXVariantGroup section */
		AA3A5EFD1FB1524D00F0A16F /* Main.storyboard */ = {
			isa = PBXVariantGroup;
			children = (
				AA3A5EFE1FB1524D00F0A16F /* Base */,
			);
			name = Main.storyboard;
			sourceTree = "<group>";
		};
		AA3A5F021FB1524D00F0A16F /* LaunchScreen.storyboard */ = {
			isa = PBXVariantGroup;
			children = (
				AA3A5F031FB1524D00F0A16F /* Base */,
			);
			name = LaunchScreen.storyboard;
			sourceTree = "<group>";
		};
/* End PBXVariantGroup section */

/* Begin XCBuildConfiguration section */
		AA3A5F061FB1524D00F0A16F /* Debug */ = {
			isa = XCBuildConfiguration;
			buildSettings = {
				ALWAYS_SEARCH_USER_PATHS = NO;
				CLANG_ANALYZER_NONNULL = YES;
				CLANG_CXX_LANGUAGE_STANDARD = "gnu++0x";
				CLANG_CXX_LIBRARY = "libc++";
				CLANG_ENABLE_MODULES = YES;
				CLANG_ENABLE_OBJC_ARC = YES;
				CLANG_WARN_BOOL_CONVERSION = YES;
				CLANG_WARN_CONSTANT_CONVERSION = YES;
				CLANG_WARN_DIRECT_OBJC_ISA_USAGE = YES_ERROR;
				CLANG_WARN_DOCUMENTATION_COMMENTS = YES;
				CLANG_WARN_EMPTY_BODY = YES;
				CLANG_WARN_ENUM_CONVERSION = YES;
				CLANG_WARN_INFINITE_RECURSION = YES;
				CLANG_WARN_INT_CONVERSION = YES;
				CLANG_WARN_OBJC_ROOT_CLASS = YES_ERROR;
				CLANG_WARN_SUSPICIOUS_MOVES = YES;
				CLANG_WARN_UNREACHABLE_CODE = YES;
				CLANG_WARN__DUPLICATE_METHOD_MATCH = YES;
				"CODE_SIGN_IDENTITY[sdk=iphoneos*]" = "iPhone Developer";
				COPY_PHASE_STRIP = NO;
				DEBUG_INFORMATION_FORMAT = dwarf;
				ENABLE_STRICT_OBJC_MSGSEND = YES;
				ENABLE_TESTABILITY = YES;
				GCC_C_LANGUAGE_STANDARD = gnu99;
				GCC_DYNAMIC_NO_PIC = NO;
				GCC_NO_COMMON_BLOCKS = YES;
				GCC_OPTIMIZATION_LEVEL = 0;
				GCC_PREPROCESSOR_DEFINITIONS = (
					"DEBUG=1",
					"$(inherited)",
				);
				GCC_WARN_64_TO_32_BIT_CONVERSION = YES;
				GCC_WARN_ABOUT_RETURN_TYPE = YES_ERROR;
				GCC_WARN_UNDECLARED_SELECTOR = YES;
				GCC_WARN_UNINITIALIZED_AUTOS = YES_AGGRESSIVE;
				GCC_WARN_UNUSED_FUNCTION = YES;
				GCC_WARN_UNUSED_VARIABLE = YES;
				IPHONEOS_DEPLOYMENT_TARGET = 10.0;
				MTL_ENABLE_DEBUG_INFO = YES;
				ONLY_ACTIVE_ARCH = YES;
				SDKROOT = iphoneos;
				SWIFT_ACTIVE_COMPILATION_CONDITIONS = DEBUG;
				SWIFT_OPTIMIZATION_LEVEL = "-Onone";
			};
			name = Debug;
		};
		AA3A5F071FB1524D00F0A16F /* Release */ = {
			isa = XCBuildConfiguration;
			buildSettings = {
				ALWAYS_SEARCH_USER_PATHS = NO;
				CLANG_ANALYZER_NONNULL = YES;
				CLANG_CXX_LANGUAGE_STANDARD = "gnu++0x";
				CLANG_CXX_LIBRARY = "libc++";
				CLANG_ENABLE_MODULES = YES;
				CLANG_ENABLE_OBJC_ARC = YES;
				CLANG_WARN_BOOL_CONVERSION = YES;
				CLANG_WARN_CONSTANT_CONVERSION = YES;
				CLANG_WARN_DIRECT_OBJC_ISA_USAGE = YES_ERROR;
				CLANG_WARN_DOCUMENTATION_COMMENTS = YES;
				CLANG_WARN_EMPTY_BODY = YES;
				CLANG_WARN_ENUM_CONVERSION = YES;
				CLANG_WARN_INFINITE_RECURSION = YES;
				CLANG_WARN_INT_CONVERSION = YES;
				CLANG_WARN_OBJC_ROOT_CLASS = YES_ERROR;
				CLANG_WARN_SUSPICIOUS_MOVES = YES;
				CLANG_WARN_UNREACHABLE_CODE = YES;
				CLANG_WARN__DUPLICATE_METHOD_MATCH = YES;
				"CODE_SIGN_IDENTITY[sdk=iphoneos*]" = "iPhone Developer";
				COPY_PHASE_STRIP = NO;
				DEBUG_INFORMATION_FORMAT = "dwarf-with-dsym";
				ENABLE_NS_ASSERTIONS = NO;
				ENABLE_STRICT_OBJC_MSGSEND = YES;
				GCC_C_LANGUAGE_STANDARD = gnu99;
				GCC_NO_COMMON_BLOCKS = YES;
				GCC_WARN_64_TO_32_BIT_CONVERSION = YES;
				GCC_WARN_ABOUT_RETURN_TYPE = YES_ERROR;
				GCC_WARN_UNDECLARED_SELECTOR = YES;
				GCC_WARN_UNINITIALIZED_AUTOS = YES_AGGRESSIVE;
				GCC_WARN_UNUSED_FUNCTION = YES;
				GCC_WARN_UNUSED_VARIABLE = YES;
				IPHONEOS_DEPLOYMENT_TARGET = 10.0;
				MTL_ENABLE_DEBUG_INFO = NO;
				SDKROOT = iphoneos;
				SWIFT_OPTIMIZATION_LEVEL = "-Owholemodule";
				VALIDATE_PRODUCT = YES;
			};
			name = Release;
		};
		AA3A5F091FB1524D00F0A16F /* Debug */ = {
			isa = XCBuildConfiguration;
			buildSettings = {
				ASSETCATALOG_COMPILER_APPICON_NAME = AppIcon;
				DEVELOPMENT_TEAM = Q9GYFWT4H9;
				INFOPLIST_FILE = TestTools/Info.plist;
				LD_RUNPATH_SEARCH_PATHS = "$(inherited) @executable_path/Frameworks";
				PRODUCT_BUNDLE_IDENTIFIER = cn.freemud.TestTools;
				PRODUCT_NAME = "$(TARGET_NAME)";
				SWIFT_VERSION = 3.0;
			};
			name = Debug;
		};
		AA3A5F0A1FB1524D00F0A16F /* Release */ = {
			isa = XCBuildConfiguration;
			buildSettings = {
				ASSETCATALOG_COMPILER_APPICON_NAME = AppIcon;
				DEVELOPMENT_TEAM = Q9GYFWT4H9;
				INFOPLIST_FILE = TestTools/Info.plist;
				LD_RUNPATH_SEARCH_PATHS = "$(inherited) @executable_path/Frameworks";
				PRODUCT_BUNDLE_IDENTIFIER = cn.freemud.TestTools;
				PRODUCT_NAME = "$(TARGET_NAME)";
				SWIFT_VERSION = 3.0;
			};
			name = Release;
		};
/* End XCBuildConfiguration section */

/* Begin XCConfigurationList section */
		AA3A5EF11FB1524D00F0A16F /* Build configuration list for PBXProject "TestTools" */ = {
			isa = XCConfigurationList;
			buildConfigurations = (
				AA3A5F061FB1524D00F0A16F /* Debug */,
				AA3A5F071FB1524D00F0A16F /* Release */,
			);
			defaultConfigurationIsVisible = 0;
			defaultConfigurationName = Release;
		};
		AA3A5F081FB1524D00F0A16F /* Build configuration list for PBXNativeTarget "TestTools" */ = {
			isa = XCConfigurationList;
			buildConfigurations = (
				AA3A5F091FB1524D00F0A16F /* Debug */,
				AA3A5F0A1FB1524D00F0A16F /* Release */,
			);
			defaultConfigurationIsVisible = 0;
		};
/* End XCConfigurationList section */
	};
	rootObject = AA3A5EEE1FB1524D00F0A16F /* Project object */;
}
